
Microsoft Visual Studio Solution File, Format Version 12.00
# Visual Studio 2012
Project("{FAE04EC0-301F-11D3-BF4B-00C04F79EFBC}") = "ConsoleApplication1", "ConsoleApplication1.csproj", "{06B96C6B-2538-4483-B449-A7B7AAF59A29}"
EndProject
Global
	GlobalSection(SolutionConfigurationPlatforms) = preSolution
		Debug|Any CPU = Debug|Any CPU
		Release|Any CPU = Release|Any CPU
	EndGlobalSection
	GlobalSection(ProjectConfigurationPlatforms) = postSolution
		{06B96C6B-2538-4483-B449-A7B7AAF59A29}.Debug|Any CPU.ActiveCfg = Debug|Any CPU
		{06B96C6B-2538-4483-B449-A7B7AAF59A29}.Debug|Any CPU.Build.0 = Debug|Any CPU
		{06B96C6B-2538-4483-B449-A7B7AAF59A29}.Release|Any CPU.ActiveCfg = Release|Any CPU
		{06B96C6B-2538-4483-B449-A7B7AAF59A29}.Release|Any CPU.Build.0 = Release|Any CPU
	EndGlobalSection
EndGlobal
